
Microsoft Visual Studio Solution File, Format Version 12.00
# Visual Studio 14
VisualStudioVersion = 14.0.25420.1
MinimumVisualStudioVersion = 10.0.40219.1
Project("{2150E333-8FDC-42A3-9474-1A3956D46DE8}") = "src", "src", "{87C6D4A9-D425-40F5-8064-7F50CAF2B27F}"
EndProject
Project("{2150E333-8FDC-42A3-9474-1A3956D46DE8}") = "Solution Items", "Solution Items", "{42A6AEFA-15FA-40C5-9A67-7388AC2105A7}"
	ProjectSection(SolutionItems) = preProject
		global.json = global.json
	EndProjectSection
EndProject
Project("{8BB2217D-0F2D-49D1-97BC-3654ED321F3B}") = "SolarCoinApi.Core", "src\SolarCoinApi.Core\SolarCoinApi.Core.xproj", "{6DB99863-FFF4-48EC-8539-463AE2F13E1C}"
EndProject
Project("{8BB2217D-0F2D-49D1-97BC-3654ED321F3B}") = "SolarCoinApi.RpcJson", "src\SolarCoinApi.RpcJson\SolarCoinApi.RpcJson.xproj", "{A56560B7-BD80-41BB-99A8-82C05A86B001}"
EndProject
Project("{8BB2217D-0F2D-49D1-97BC-3654ED321F3B}") = "SolarCoinApi.Facade", "src\SolarCoinApi.Facade\SolarCoinApi.Facade.xproj", "{AE39FADF-F93F-45FD-BC8F-43B858E2DC4E}"
EndProject
Project("{2150E333-8FDC-42A3-9474-1A3956D46DE8}") = "JobRunners", "JobRunners", "{D5C36182-0E69-4223-A12C-E9D617EB92DB}"
EndProject
Project("{8BB2217D-0F2D-49D1-97BC-3654ED321F3B}") = "SolarCoinApi.Common", "src\SolarCoinApi.Common\SolarCoinApi.Common.xproj", "{2EE86AA6-9F7B-403F-860D-A497D41BDB94}"
EndProject
Project("{8BB2217D-0F2D-49D1-97BC-3654ED321F3B}") = "SolarCoinApi.CashOutJobRunner", "src\SolarCoinApi.CashOutJobRunner\SolarCoinApi.CashOutJobRunner.xproj", "{DEBED021-D068-4696-96BC-6C2FB9AC7A96}"
EndProject
Project("{2150E333-8FDC-42A3-9474-1A3956D46DE8}") = "test", "test", "{126B0DD3-0311-44F2-8481-0EE7CB15F940}"
EndProject
Project("{8BB2217D-0F2D-49D1-97BC-3654ED321F3B}") = "SolarCoinApi.Tests.CashInHandlerJobRunner", "test\SolarCoinApi.Tests.CashInHandlerJobRunner\SolarCoinApi.Tests.CashInHandlerJobRunner.xproj", "{752CABF4-38CE-4807-B9B9-EE3A2483A8B0}"
EndProject
Project("{8BB2217D-0F2D-49D1-97BC-3654ED321F3B}") = "SolarCoinApi.CashInHandlerJobRunner", "src\SolarCoinApi.CashInHandlerJobRunner\SolarCoinApi.CashInHandlerJobRunner.xproj", "{8E301038-03F8-4C62-8D76-89D8D54DD632}"
EndProject
Project("{8BB2217D-0F2D-49D1-97BC-3654ED321F3B}") = "SolarCoinApi.CashInGrabberJobRunner", "src\SolarCoinApi.CashInGrabberJobRunner\SolarCoinApi.CashInGrabberJobRunner.xproj", "{A738CDA2-EBB4-4A63-B7A6-79A3EFCD364C}"
EndProject
Project("{8BB2217D-0F2D-49D1-97BC-3654ED321F3B}") = "SolarCoinApi.Tests.CashOutJobRunner", "test\SolarCoinApi.Tests.CashOutJobRunner\SolarCoinApi.Tests.CashOutJobRunner.xproj", "{F9D19676-DC1C-468C-8E1F-8A7081B629EE}"
EndProject
Project("{8BB2217D-0F2D-49D1-97BC-3654ED321F3B}") = "SolarCoinApi.Monitoring", "src\SolarCoinApi.Monitoring\SolarCoinApi.Monitoring.xproj", "{721B7163-D79C-4D80-B653-817E6207F1F6}"
EndProject
Global
	GlobalSection(SolutionConfigurationPlatforms) = preSolution
		Debug|Any CPU = Debug|Any CPU
		Debug|x64 = Debug|x64
		Release|Any CPU = Release|Any CPU
		Release|x64 = Release|x64
	EndGlobalSection
	GlobalSection(ProjectConfigurationPlatforms) = postSolution
		{6DB99863-FFF4-48EC-8539-463AE2F13E1C}.Debug|Any CPU.ActiveCfg = Debug|Any CPU
		{6DB99863-FFF4-48EC-8539-463AE2F13E1C}.Debug|Any CPU.Build.0 = Debug|Any CPU
		{6DB99863-FFF4-48EC-8539-463AE2F13E1C}.Debug|x64.ActiveCfg = Debug|Any CPU
		{6DB99863-FFF4-48EC-8539-463AE2F13E1C}.Debug|x64.Build.0 = Debug|Any CPU
		{6DB99863-FFF4-48EC-8539-463AE2F13E1C}.Release|Any CPU.ActiveCfg = Release|Any CPU
		{6DB99863-FFF4-48EC-8539-463AE2F13E1C}.Release|Any CPU.Build.0 = Release|Any CPU
		{6DB99863-FFF4-48EC-8539-463AE2F13E1C}.Release|x64.ActiveCfg = Release|Any CPU
		{6DB99863-FFF4-48EC-8539-463AE2F13E1C}.Release|x64.Build.0 = Release|Any CPU
		{A56560B7-BD80-41BB-99A8-82C05A86B001}.Debug|Any CPU.ActiveCfg = Debug|Any CPU
		{A56560B7-BD80-41BB-99A8-82C05A86B001}.Debug|Any CPU.Build.0 = Debug|Any CPU
		{A56560B7-BD80-41BB-99A8-82C05A86B001}.Debug|x64.ActiveCfg = Debug|Any CPU
		{A56560B7-BD80-41BB-99A8-82C05A86B001}.Debug|x64.Build.0 = Debug|Any CPU
		{A56560B7-BD80-41BB-99A8-82C05A86B001}.Release|Any CPU.ActiveCfg = Release|Any CPU
		{A56560B7-BD80-41BB-99A8-82C05A86B001}.Release|Any CPU.Build.0 = Release|Any CPU
		{A56560B7-BD80-41BB-99A8-82C05A86B001}.Release|x64.ActiveCfg = Release|Any CPU
		{A56560B7-BD80-41BB-99A8-82C05A86B001}.Release|x64.Build.0 = Release|Any CPU
		{933CA443-0561-42A3-A0B5-1727C2A7F2C1}.Debug|Any CPU.ActiveCfg = Debug|Any CPU
		{933CA443-0561-42A3-A0B5-1727C2A7F2C1}.Debug|Any CPU.Build.0 = Debug|Any CPU
		{933CA443-0561-42A3-A0B5-1727C2A7F2C1}.Debug|x64.ActiveCfg = Debug|Any CPU
		{933CA443-0561-42A3-A0B5-1727C2A7F2C1}.Debug|x64.Build.0 = Debug|Any CPU
		{933CA443-0561-42A3-A0B5-1727C2A7F2C1}.Release|Any CPU.ActiveCfg = Release|Any CPU
		{933CA443-0561-42A3-A0B5-1727C2A7F2C1}.Release|Any CPU.Build.0 = Release|Any CPU
		{933CA443-0561-42A3-A0B5-1727C2A7F2C1}.Release|x64.ActiveCfg = Release|Any CPU
		{933CA443-0561-42A3-A0B5-1727C2A7F2C1}.Release|x64.Build.0 = Release|Any CPU
		{AE39FADF-F93F-45FD-BC8F-43B858E2DC4E}.Debug|Any CPU.ActiveCfg = Debug|Any CPU
		{AE39FADF-F93F-45FD-BC8F-43B858E2DC4E}.Debug|Any CPU.Build.0 = Debug|Any CPU
		{AE39FADF-F93F-45FD-BC8F-43B858E2DC4E}.Debug|x64.ActiveCfg = Debug|Any CPU
		{AE39FADF-F93F-45FD-BC8F-43B858E2DC4E}.Debug|x64.Build.0 = Debug|Any CPU
		{AE39FADF-F93F-45FD-BC8F-43B858E2DC4E}.Release|Any CPU.ActiveCfg = Release|Any CPU
		{AE39FADF-F93F-45FD-BC8F-43B858E2DC4E}.Release|Any CPU.Build.0 = Release|Any CPU
		{AE39FADF-F93F-45FD-BC8F-43B858E2DC4E}.Release|x64.ActiveCfg = Release|Any CPU
		{AE39FADF-F93F-45FD-BC8F-43B858E2DC4E}.Release|x64.Build.0 = Release|Any CPU
		{2EE86AA6-9F7B-403F-860D-A497D41BDB94}.Debug|Any CPU.ActiveCfg = Debug|Any CPU
		{2EE86AA6-9F7B-403F-860D-A497D41BDB94}.Debug|Any CPU.Build.0 = Debug|Any CPU
		{2EE86AA6-9F7B-403F-860D-A497D41BDB94}.Debug|x64.ActiveCfg = Debug|Any CPU
		{2EE86AA6-9F7B-403F-860D-A497D41BDB94}.Debug|x64.Build.0 = Debug|Any CPU
		{2EE86AA6-9F7B-403F-860D-A497D41BDB94}.Release|Any CPU.ActiveCfg = Release|Any CPU
		{2EE86AA6-9F7B-403F-860D-A497D41BDB94}.Release|Any CPU.Build.0 = Release|Any CPU
		{2EE86AA6-9F7B-403F-860D-A497D41BDB94}.Release|x64.ActiveCfg = Release|Any CPU
		{2EE86AA6-9F7B-403F-860D-A497D41BDB94}.Release|x64.Build.0 = Release|Any CPU
		{DEBED021-D068-4696-96BC-6C2FB9AC7A96}.Debug|Any CPU.ActiveCfg = Debug|Any CPU
		{DEBED021-D068-4696-96BC-6C2FB9AC7A96}.Debug|Any CPU.Build.0 = Debug|Any CPU
		{DEBED021-D068-4696-96BC-6C2FB9AC7A96}.Debug|x64.ActiveCfg = Debug|Any CPU
		{DEBED021-D068-4696-96BC-6C2FB9AC7A96}.Debug|x64.Build.0 = Debug|Any CPU
		{DEBED021-D068-4696-96BC-6C2FB9AC7A96}.Release|Any CPU.ActiveCfg = Release|Any CPU
		{DEBED021-D068-4696-96BC-6C2FB9AC7A96}.Release|Any CPU.Build.0 = Release|Any CPU
		{DEBED021-D068-4696-96BC-6C2FB9AC7A96}.Release|x64.ActiveCfg = Release|Any CPU
		{DEBED021-D068-4696-96BC-6C2FB9AC7A96}.Release|x64.Build.0 = Release|Any CPU
		{752CABF4-38CE-4807-B9B9-EE3A2483A8B0}.Debug|Any CPU.ActiveCfg = Debug|Any CPU
		{752CABF4-38CE-4807-B9B9-EE3A2483A8B0}.Debug|Any CPU.Build.0 = Debug|Any CPU
		{752CABF4-38CE-4807-B9B9-EE3A2483A8B0}.Debug|x64.ActiveCfg = Debug|Any CPU
		{752CABF4-38CE-4807-B9B9-EE3A2483A8B0}.Debug|x64.Build.0 = Debug|Any CPU
		{752CABF4-38CE-4807-B9B9-EE3A2483A8B0}.Release|Any CPU.ActiveCfg = Release|Any CPU
		{752CABF4-38CE-4807-B9B9-EE3A2483A8B0}.Release|Any CPU.Build.0 = Release|Any CPU
		{752CABF4-38CE-4807-B9B9-EE3A2483A8B0}.Release|x64.ActiveCfg = Release|Any CPU
		{752CABF4-38CE-4807-B9B9-EE3A2483A8B0}.Release|x64.Build.0 = Release|Any CPU
		{8E301038-03F8-4C62-8D76-89D8D54DD632}.Debug|Any CPU.ActiveCfg = Debug|Any CPU
		{8E301038-03F8-4C62-8D76-89D8D54DD632}.Debug|Any CPU.Build.0 = Debug|Any CPU
		{8E301038-03F8-4C62-8D76-89D8D54DD632}.Debug|x64.ActiveCfg = Debug|Any CPU
		{8E301038-03F8-4C62-8D76-89D8D54DD632}.Debug|x64.Build.0 = Debug|Any CPU
		{8E301038-03F8-4C62-8D76-89D8D54DD632}.Release|Any CPU.ActiveCfg = Release|Any CPU
		{8E301038-03F8-4C62-8D76-89D8D54DD632}.Release|Any CPU.Build.0 = Release|Any CPU
		{8E301038-03F8-4C62-8D76-89D8D54DD632}.Release|x64.ActiveCfg = Release|Any CPU
		{8E301038-03F8-4C62-8D76-89D8D54DD632}.Release|x64.Build.0 = Release|Any CPU
		{A738CDA2-EBB4-4A63-B7A6-79A3EFCD364C}.Debug|Any CPU.ActiveCfg = Debug|Any CPU
		{A738CDA2-EBB4-4A63-B7A6-79A3EFCD364C}.Debug|Any CPU.Build.0 = Debug|Any CPU
		{A738CDA2-EBB4-4A63-B7A6-79A3EFCD364C}.Debug|x64.ActiveCfg = Debug|Any CPU
		{A738CDA2-EBB4-4A63-B7A6-79A3EFCD364C}.Debug|x64.Build.0 = Debug|Any CPU
		{A738CDA2-EBB4-4A63-B7A6-79A3EFCD364C}.Release|Any CPU.ActiveCfg = Release|Any CPU
		{A738CDA2-EBB4-4A63-B7A6-79A3EFCD364C}.Release|Any CPU.Build.0 = Release|Any CPU
		{A738CDA2-EBB4-4A63-B7A6-79A3EFCD364C}.Release|x64.ActiveCfg = Release|Any CPU
		{A738CDA2-EBB4-4A63-B7A6-79A3EFCD364C}.Release|x64.Build.0 = Release|Any CPU
		{F9D19676-DC1C-468C-8E1F-8A7081B629EE}.Debug|Any CPU.ActiveCfg = Debug|Any CPU
		{F9D19676-DC1C-468C-8E1F-8A7081B629EE}.Debug|Any CPU.Build.0 = Debug|Any CPU
		{F9D19676-DC1C-468C-8E1F-8A7081B629EE}.Debug|x64.ActiveCfg = Debug|Any CPU
		{F9D19676-DC1C-468C-8E1F-8A7081B629EE}.Debug|x64.Build.0 = Debug|Any CPU
		{F9D19676-DC1C-468C-8E1F-8A7081B629EE}.Release|Any CPU.ActiveCfg = Release|Any CPU
		{F9D19676-DC1C-468C-8E1F-8A7081B629EE}.Release|Any CPU.Build.0 = Release|Any CPU
		{F9D19676-DC1C-468C-8E1F-8A7081B629EE}.Release|x64.ActiveCfg = Release|Any CPU
		{F9D19676-DC1C-468C-8E1F-8A7081B629EE}.Release|x64.Build.0 = Release|Any CPU
		{721B7163-D79C-4D80-B653-817E6207F1F6}.Debug|Any CPU.ActiveCfg = Debug|Any CPU
		{721B7163-D79C-4D80-B653-817E6207F1F6}.Debug|Any CPU.Build.0 = Debug|Any CPU
		{721B7163-D79C-4D80-B653-817E6207F1F6}.Debug|x64.ActiveCfg = Debug|Any CPU
		{721B7163-D79C-4D80-B653-817E6207F1F6}.Debug|x64.Build.0 = Debug|Any CPU
		{721B7163-D79C-4D80-B653-817E6207F1F6}.Release|Any CPU.ActiveCfg = Release|Any CPU
		{721B7163-D79C-4D80-B653-817E6207F1F6}.Release|Any CPU.Build.0 = Release|Any CPU
		{721B7163-D79C-4D80-B653-817E6207F1F6}.Release|x64.ActiveCfg = Release|Any CPU
		{721B7163-D79C-4D80-B653-817E6207F1F6}.Release|x64.Build.0 = Release|Any CPU
	EndGlobalSection
	GlobalSection(SolutionProperties) = preSolution
		HideSolutionNode = FALSE
	EndGlobalSection
	GlobalSection(NestedProjects) = preSolution
		{6DB99863-FFF4-48EC-8539-463AE2F13E1C} = {87C6D4A9-D425-40F5-8064-7F50CAF2B27F}
		{A56560B7-BD80-41BB-99A8-82C05A86B001} = {87C6D4A9-D425-40F5-8064-7F50CAF2B27F}
		{933CA443-0561-42A3-A0B5-1727C2A7F2C1} = {87C6D4A9-D425-40F5-8064-7F50CAF2B27F}
		{AE39FADF-F93F-45FD-BC8F-43B858E2DC4E} = {87C6D4A9-D425-40F5-8064-7F50CAF2B27F}
		{D5C36182-0E69-4223-A12C-E9D617EB92DB} = {87C6D4A9-D425-40F5-8064-7F50CAF2B27F}
		{2EE86AA6-9F7B-403F-860D-A497D41BDB94} = {87C6D4A9-D425-40F5-8064-7F50CAF2B27F}
		{DEBED021-D068-4696-96BC-6C2FB9AC7A96} = {D5C36182-0E69-4223-A12C-E9D617EB92DB}
		{752CABF4-38CE-4807-B9B9-EE3A2483A8B0} = {126B0DD3-0311-44F2-8481-0EE7CB15F940}
		{8E301038-03F8-4C62-8D76-89D8D54DD632} = {D5C36182-0E69-4223-A12C-E9D617EB92DB}
		{A738CDA2-EBB4-4A63-B7A6-79A3EFCD364C} = {D5C36182-0E69-4223-A12C-E9D617EB92DB}
		{F9D19676-DC1C-468C-8E1F-8A7081B629EE} = {126B0DD3-0311-44F2-8481-0EE7CB15F940}
		{721B7163-D79C-4D80-B653-817E6207F1F6} = {87C6D4A9-D425-40F5-8064-7F50CAF2B27F}
	EndGlobalSection
EndGlobal
