
Microsoft Visual Studio Solution File, Format Version 12.00
# Visual Studio 14
VisualStudioVersion = 14.0.25420.1
MinimumVisualStudioVersion = 10.0.40219.1
Project("{2150E333-8FDC-42A3-9474-1A3956D46DE8}") = "src", "src", "{87C6D4A9-D425-40F5-8064-7F50CAF2B27F}"
EndProject
Project("{2150E333-8FDC-42A3-9474-1A3956D46DE8}") = "Solution Items", "Solution Items", "{42A6AEFA-15FA-40C5-9A67-7388AC2105A7}"
	ProjectSection(SolutionItems) = preProject
		global.json = global.json
	EndProjectSection
EndProject
Project("{8BB2217D-0F2D-49D1-97BC-3654ED321F3B}") = "SolarCoinApi.Core", "src\SolarCoinApi.Core\SolarCoinApi.Core.xproj", "{6DB99863-FFF4-48EC-8539-463AE2F13E1C}"
EndProject
Project("{8BB2217D-0F2D-49D1-97BC-3654ED321F3B}") = "SolarCoinApi.RpcJson", "src\SolarCoinApi.RpcJson\SolarCoinApi.RpcJson.xproj", "{A56560B7-BD80-41BB-99A8-82C05A86B001}"
EndProject
Project("{8BB2217D-0F2D-49D1-97BC-3654ED321F3B}") = "SolarCoinApi.AzureStorage", "src\SolarCoinApi.AzureStorage\SolarCoinApi.AzureStorage.xproj", "{933CA443-0561-42A3-A0B5-1727C2A7F2C1}"
EndProject
Project("{8BB2217D-0F2D-49D1-97BC-3654ED321F3B}") = "SolarCoinApi.CashInJob", "src\SolarCoinApi.CashInJob\SolarCoinApi.CashInJob.xproj", "{6D2E76FB-13BA-4983-8D99-987085E06EE7}"
EndProject
Project("{8BB2217D-0F2D-49D1-97BC-3654ED321F3B}") = "SolarCoinApi.CashInJobRunner", "src\SolarCoinApi.CashInJobRunner\SolarCoinApi.CashInJobRunner.xproj", "{A50785A6-07E6-49FF-81D1-4BE782000FDF}"
EndProject
Project("{8BB2217D-0F2D-49D1-97BC-3654ED321F3B}") = "SolarCoinApi.Facade", "src\SolarCoinApi.Facade\SolarCoinApi.Facade.xproj", "{AE39FADF-F93F-45FD-BC8F-43B858E2DC4E}"
EndProject
Project("{8BB2217D-0F2D-49D1-97BC-3654ED321F3B}") = "SolarCoinApi.CashOutJob", "src\SolarCoinApi.CashOutJob\SolarCoinApi.CashOutJob.xproj", "{B0ED7971-A709-4DEA-8009-CA4E916AF7F1}"
EndProject
Project("{2150E333-8FDC-42A3-9474-1A3956D46DE8}") = "Jobs", "Jobs", "{E5B92F43-F855-4B28-9C99-AB1A58C59D67}"
EndProject
Project("{2150E333-8FDC-42A3-9474-1A3956D46DE8}") = "JobRunners", "JobRunners", "{D5C36182-0E69-4223-A12C-E9D617EB92DB}"
EndProject
Project("{8BB2217D-0F2D-49D1-97BC-3654ED321F3B}") = "ConsoleApp1", "ConsoleApp1\ConsoleApp1.xproj", "{29942DD6-AC08-4D3D-9835-001D358F0EB2}"
EndProject
Project("{8BB2217D-0F2D-49D1-97BC-3654ED321F3B}") = "SolarCoinApi.Common", "src\SolarCoinApi.Common\SolarCoinApi.Common.xproj", "{2EE86AA6-9F7B-403F-860D-A497D41BDB94}"
EndProject
Global
	GlobalSection(SolutionConfigurationPlatforms) = preSolution
		Debug|Any CPU = Debug|Any CPU
		Debug|x64 = Debug|x64
		Release|Any CPU = Release|Any CPU
		Release|x64 = Release|x64
	EndGlobalSection
	GlobalSection(ProjectConfigurationPlatforms) = postSolution
		{6DB99863-FFF4-48EC-8539-463AE2F13E1C}.Debug|Any CPU.ActiveCfg = Debug|Any CPU
		{6DB99863-FFF4-48EC-8539-463AE2F13E1C}.Debug|Any CPU.Build.0 = Debug|Any CPU
		{6DB99863-FFF4-48EC-8539-463AE2F13E1C}.Debug|x64.ActiveCfg = Debug|Any CPU
		{6DB99863-FFF4-48EC-8539-463AE2F13E1C}.Debug|x64.Build.0 = Debug|Any CPU
		{6DB99863-FFF4-48EC-8539-463AE2F13E1C}.Release|Any CPU.ActiveCfg = Release|Any CPU
		{6DB99863-FFF4-48EC-8539-463AE2F13E1C}.Release|Any CPU.Build.0 = Release|Any CPU
		{6DB99863-FFF4-48EC-8539-463AE2F13E1C}.Release|x64.ActiveCfg = Release|Any CPU
		{6DB99863-FFF4-48EC-8539-463AE2F13E1C}.Release|x64.Build.0 = Release|Any CPU
		{A56560B7-BD80-41BB-99A8-82C05A86B001}.Debug|Any CPU.ActiveCfg = Debug|Any CPU
		{A56560B7-BD80-41BB-99A8-82C05A86B001}.Debug|Any CPU.Build.0 = Debug|Any CPU
		{A56560B7-BD80-41BB-99A8-82C05A86B001}.Debug|x64.ActiveCfg = Debug|Any CPU
		{A56560B7-BD80-41BB-99A8-82C05A86B001}.Debug|x64.Build.0 = Debug|Any CPU
		{A56560B7-BD80-41BB-99A8-82C05A86B001}.Release|Any CPU.ActiveCfg = Release|Any CPU
		{A56560B7-BD80-41BB-99A8-82C05A86B001}.Release|Any CPU.Build.0 = Release|Any CPU
		{A56560B7-BD80-41BB-99A8-82C05A86B001}.Release|x64.ActiveCfg = Release|Any CPU
		{A56560B7-BD80-41BB-99A8-82C05A86B001}.Release|x64.Build.0 = Release|Any CPU
		{933CA443-0561-42A3-A0B5-1727C2A7F2C1}.Debug|Any CPU.ActiveCfg = Debug|Any CPU
		{933CA443-0561-42A3-A0B5-1727C2A7F2C1}.Debug|Any CPU.Build.0 = Debug|Any CPU
		{933CA443-0561-42A3-A0B5-1727C2A7F2C1}.Debug|x64.ActiveCfg = Debug|Any CPU
		{933CA443-0561-42A3-A0B5-1727C2A7F2C1}.Debug|x64.Build.0 = Debug|Any CPU
		{933CA443-0561-42A3-A0B5-1727C2A7F2C1}.Release|Any CPU.ActiveCfg = Release|Any CPU
		{933CA443-0561-42A3-A0B5-1727C2A7F2C1}.Release|Any CPU.Build.0 = Release|Any CPU
		{933CA443-0561-42A3-A0B5-1727C2A7F2C1}.Release|x64.ActiveCfg = Release|Any CPU
		{933CA443-0561-42A3-A0B5-1727C2A7F2C1}.Release|x64.Build.0 = Release|Any CPU
		{6D2E76FB-13BA-4983-8D99-987085E06EE7}.Debug|Any CPU.ActiveCfg = Debug|Any CPU
		{6D2E76FB-13BA-4983-8D99-987085E06EE7}.Debug|Any CPU.Build.0 = Debug|Any CPU
		{6D2E76FB-13BA-4983-8D99-987085E06EE7}.Debug|x64.ActiveCfg = Debug|Any CPU
		{6D2E76FB-13BA-4983-8D99-987085E06EE7}.Debug|x64.Build.0 = Debug|Any CPU
		{6D2E76FB-13BA-4983-8D99-987085E06EE7}.Release|Any CPU.ActiveCfg = Release|Any CPU
		{6D2E76FB-13BA-4983-8D99-987085E06EE7}.Release|Any CPU.Build.0 = Release|Any CPU
		{6D2E76FB-13BA-4983-8D99-987085E06EE7}.Release|x64.ActiveCfg = Release|Any CPU
		{6D2E76FB-13BA-4983-8D99-987085E06EE7}.Release|x64.Build.0 = Release|Any CPU
		{A50785A6-07E6-49FF-81D1-4BE782000FDF}.Debug|Any CPU.ActiveCfg = Debug|Any CPU
		{A50785A6-07E6-49FF-81D1-4BE782000FDF}.Debug|Any CPU.Build.0 = Debug|Any CPU
		{A50785A6-07E6-49FF-81D1-4BE782000FDF}.Debug|x64.ActiveCfg = Debug|Any CPU
		{A50785A6-07E6-49FF-81D1-4BE782000FDF}.Debug|x64.Build.0 = Debug|Any CPU
		{A50785A6-07E6-49FF-81D1-4BE782000FDF}.Release|Any CPU.ActiveCfg = Release|Any CPU
		{A50785A6-07E6-49FF-81D1-4BE782000FDF}.Release|Any CPU.Build.0 = Release|Any CPU
		{A50785A6-07E6-49FF-81D1-4BE782000FDF}.Release|x64.ActiveCfg = Release|Any CPU
		{A50785A6-07E6-49FF-81D1-4BE782000FDF}.Release|x64.Build.0 = Release|Any CPU
		{AE39FADF-F93F-45FD-BC8F-43B858E2DC4E}.Debug|Any CPU.ActiveCfg = Debug|Any CPU
		{AE39FADF-F93F-45FD-BC8F-43B858E2DC4E}.Debug|Any CPU.Build.0 = Debug|Any CPU
		{AE39FADF-F93F-45FD-BC8F-43B858E2DC4E}.Debug|x64.ActiveCfg = Debug|Any CPU
		{AE39FADF-F93F-45FD-BC8F-43B858E2DC4E}.Debug|x64.Build.0 = Debug|Any CPU
		{AE39FADF-F93F-45FD-BC8F-43B858E2DC4E}.Release|Any CPU.ActiveCfg = Release|Any CPU
		{AE39FADF-F93F-45FD-BC8F-43B858E2DC4E}.Release|Any CPU.Build.0 = Release|Any CPU
		{AE39FADF-F93F-45FD-BC8F-43B858E2DC4E}.Release|x64.ActiveCfg = Release|Any CPU
		{AE39FADF-F93F-45FD-BC8F-43B858E2DC4E}.Release|x64.Build.0 = Release|Any CPU
		{B0ED7971-A709-4DEA-8009-CA4E916AF7F1}.Debug|Any CPU.ActiveCfg = Debug|Any CPU
		{B0ED7971-A709-4DEA-8009-CA4E916AF7F1}.Debug|Any CPU.Build.0 = Debug|Any CPU
		{B0ED7971-A709-4DEA-8009-CA4E916AF7F1}.Debug|x64.ActiveCfg = Debug|Any CPU
		{B0ED7971-A709-4DEA-8009-CA4E916AF7F1}.Debug|x64.Build.0 = Debug|Any CPU
		{B0ED7971-A709-4DEA-8009-CA4E916AF7F1}.Release|Any CPU.ActiveCfg = Release|Any CPU
		{B0ED7971-A709-4DEA-8009-CA4E916AF7F1}.Release|Any CPU.Build.0 = Release|Any CPU
		{B0ED7971-A709-4DEA-8009-CA4E916AF7F1}.Release|x64.ActiveCfg = Release|Any CPU
		{B0ED7971-A709-4DEA-8009-CA4E916AF7F1}.Release|x64.Build.0 = Release|Any CPU
		{29942DD6-AC08-4D3D-9835-001D358F0EB2}.Debug|Any CPU.ActiveCfg = Debug|Any CPU
		{29942DD6-AC08-4D3D-9835-001D358F0EB2}.Debug|Any CPU.Build.0 = Debug|Any CPU
		{29942DD6-AC08-4D3D-9835-001D358F0EB2}.Debug|x64.ActiveCfg = Debug|Any CPU
		{29942DD6-AC08-4D3D-9835-001D358F0EB2}.Debug|x64.Build.0 = Debug|Any CPU
		{29942DD6-AC08-4D3D-9835-001D358F0EB2}.Release|Any CPU.ActiveCfg = Release|Any CPU
		{29942DD6-AC08-4D3D-9835-001D358F0EB2}.Release|Any CPU.Build.0 = Release|Any CPU
		{29942DD6-AC08-4D3D-9835-001D358F0EB2}.Release|x64.ActiveCfg = Release|Any CPU
		{29942DD6-AC08-4D3D-9835-001D358F0EB2}.Release|x64.Build.0 = Release|Any CPU
		{2EE86AA6-9F7B-403F-860D-A497D41BDB94}.Debug|Any CPU.ActiveCfg = Debug|Any CPU
		{2EE86AA6-9F7B-403F-860D-A497D41BDB94}.Debug|Any CPU.Build.0 = Debug|Any CPU
		{2EE86AA6-9F7B-403F-860D-A497D41BDB94}.Debug|x64.ActiveCfg = Debug|Any CPU
		{2EE86AA6-9F7B-403F-860D-A497D41BDB94}.Debug|x64.Build.0 = Debug|Any CPU
		{2EE86AA6-9F7B-403F-860D-A497D41BDB94}.Release|Any CPU.ActiveCfg = Release|Any CPU
		{2EE86AA6-9F7B-403F-860D-A497D41BDB94}.Release|Any CPU.Build.0 = Release|Any CPU
		{2EE86AA6-9F7B-403F-860D-A497D41BDB94}.Release|x64.ActiveCfg = Release|Any CPU
		{2EE86AA6-9F7B-403F-860D-A497D41BDB94}.Release|x64.Build.0 = Release|Any CPU
	EndGlobalSection
	GlobalSection(SolutionProperties) = preSolution
		HideSolutionNode = FALSE
	EndGlobalSection
	GlobalSection(NestedProjects) = preSolution
		{6DB99863-FFF4-48EC-8539-463AE2F13E1C} = {87C6D4A9-D425-40F5-8064-7F50CAF2B27F}
		{A56560B7-BD80-41BB-99A8-82C05A86B001} = {87C6D4A9-D425-40F5-8064-7F50CAF2B27F}
		{933CA443-0561-42A3-A0B5-1727C2A7F2C1} = {87C6D4A9-D425-40F5-8064-7F50CAF2B27F}
		{6D2E76FB-13BA-4983-8D99-987085E06EE7} = {E5B92F43-F855-4B28-9C99-AB1A58C59D67}
		{A50785A6-07E6-49FF-81D1-4BE782000FDF} = {D5C36182-0E69-4223-A12C-E9D617EB92DB}
		{AE39FADF-F93F-45FD-BC8F-43B858E2DC4E} = {87C6D4A9-D425-40F5-8064-7F50CAF2B27F}
		{B0ED7971-A709-4DEA-8009-CA4E916AF7F1} = {E5B92F43-F855-4B28-9C99-AB1A58C59D67}
		{E5B92F43-F855-4B28-9C99-AB1A58C59D67} = {87C6D4A9-D425-40F5-8064-7F50CAF2B27F}
		{D5C36182-0E69-4223-A12C-E9D617EB92DB} = {87C6D4A9-D425-40F5-8064-7F50CAF2B27F}
		{29942DD6-AC08-4D3D-9835-001D358F0EB2} = {87C6D4A9-D425-40F5-8064-7F50CAF2B27F}
		{2EE86AA6-9F7B-403F-860D-A497D41BDB94} = {87C6D4A9-D425-40F5-8064-7F50CAF2B27F}
	EndGlobalSection
EndGlobal
